
Microsoft Visual Studio Solution File, Format Version 12.00
# Visual Studio Version 17
VisualStudioVersion = 17.13.35825.156 d17.13
MinimumVisualStudioVersion = 10.0.40219.1
Project("{FAE04EC0-301F-11D3-BF4B-00C04F79EFBC}") = "Question7", "Question7.csproj", "{CC451072-56A4-4A1A-A747-183668D781FC}"
EndProject
Global
	GlobalSection(SolutionConfigurationPlatforms) = preSolution
		Debug|Any CPU = Debug|Any CPU
		Release|Any CPU = Release|Any CPU
	EndGlobalSection
	GlobalSection(ProjectConfigurationPlatforms) = postSolution
		{CC451072-56A4-4A1A-A747-183668D781FC}.Debug|Any CPU.ActiveCfg = Debug|Any CPU
		{CC451072-56A4-4A1A-A747-183668D781FC}.Debug|Any CPU.Build.0 = Debug|Any CPU
		{CC451072-56A4-4A1A-A747-183668D781FC}.Release|Any CPU.ActiveCfg = Release|Any CPU
		{CC451072-56A4-4A1A-A747-183668D781FC}.Release|Any CPU.Build.0 = Release|Any CPU
	EndGlobalSection
	GlobalSection(SolutionProperties) = preSolution
		HideSolutionNode = FALSE
	EndGlobalSection
	GlobalSection(ExtensibilityGlobals) = postSolution
		SolutionGuid = {59B1D640-56DB-42D8-AD71-40F46FABBD07}
	EndGlobalSection
EndGlobal
